
Microsoft Visual Studio Solution File, Format Version 12.00
# Visual Studio 15
VisualStudioVersion = 15.0.28010.2041
MinimumVisualStudioVersion = 10.0.40219.1
Project("{FAE04EC0-301F-11D3-BF4B-00C04F79EFBC}") = "BinaryTools", "BinaryTools\BinaryTools.csproj", "{C72B8249-49BC-427F-ABEF-5AFE95519574}"
EndProject
Project("{FAE04EC0-301F-11D3-BF4B-00C04F79EFBC}") = "BinaryTools.Tests", "BinaryTools.Tests\BinaryTools.Tests.csproj", "{BE706FCA-10FC-4CCD-8875-9DC82A0018D7}"
EndProject
Project("{FAE04EC0-301F-11D3-BF4B-00C04F79EFBC}") = "BinaryTools.Extensions.Core", "BinaryTools.Extensions.Core\BinaryTools.Extensions.Core.csproj", "{EE15DE45-6A60-4301-9BBA-1FA05C9FE20F}"
EndProject
Project("{FAE04EC0-301F-11D3-BF4B-00C04F79EFBC}") = "BinaryTools.WinAPI", "BinaryTools.WinAPI\BinaryTools.WinAPI.csproj", "{E8D5DAA7-360C-4AE2-92F1-0A9090A47CE2}"
EndProject
Project("{FAE04EC0-301F-11D3-BF4B-00C04F79EFBC}") = "BinaryTools.Extensions.Reflection", "BinaryTools.Extensions.Reflection\BinaryTools.Extensions.Reflection.csproj", "{A571FC59-F4CC-47DE-AF19-E3EC07ADA3C3}"
EndProject
Project("{2150E333-8FDC-42A3-9474-1A3956D46DE8}") = "BinaryTools.Extensions", "BinaryTools.Extensions", "{9F5A358C-E1ED-420F-A426-630A0FCE42EC}"
EndProject
Project("{FAE04EC0-301F-11D3-BF4B-00C04F79EFBC}") = "BinaryTools.Extensions.IO", "BinaryTools.Extensions.IO\BinaryTools.Extensions.IO.csproj", "{6C47326A-3738-42FA-90AC-F1E0AA6B7BBC}"
EndProject
Global
	GlobalSection(SolutionConfigurationPlatforms) = preSolution
		Debug|Any CPU = Debug|Any CPU
		DebugNET40|Any CPU = DebugNET40|Any CPU
		DebugNET45|Any CPU = DebugNET45|Any CPU
		Release|Any CPU = Release|Any CPU
		ReleaseNET40|Any CPU = ReleaseNET40|Any CPU
		ReleaseNET45|Any CPU = ReleaseNET45|Any CPU
	EndGlobalSection
	GlobalSection(ProjectConfigurationPlatforms) = postSolution
		{C72B8249-49BC-427F-ABEF-5AFE95519574}.Debug|Any CPU.ActiveCfg = DebugNET40|Any CPU
		{C72B8249-49BC-427F-ABEF-5AFE95519574}.Debug|Any CPU.Build.0 = DebugNET40|Any CPU
		{C72B8249-49BC-427F-ABEF-5AFE95519574}.DebugNET40|Any CPU.ActiveCfg = DebugNET40|Any CPU
		{C72B8249-49BC-427F-ABEF-5AFE95519574}.DebugNET40|Any CPU.Build.0 = DebugNET40|Any CPU
		{C72B8249-49BC-427F-ABEF-5AFE95519574}.DebugNET45|Any CPU.ActiveCfg = DebugNET45|Any CPU
		{C72B8249-49BC-427F-ABEF-5AFE95519574}.DebugNET45|Any CPU.Build.0 = DebugNET45|Any CPU
		{C72B8249-49BC-427F-ABEF-5AFE95519574}.Release|Any CPU.ActiveCfg = ReleaseNET40|Any CPU
		{C72B8249-49BC-427F-ABEF-5AFE95519574}.Release|Any CPU.Build.0 = ReleaseNET40|Any CPU
		{C72B8249-49BC-427F-ABEF-5AFE95519574}.ReleaseNET40|Any CPU.ActiveCfg = ReleaseNET40|Any CPU
		{C72B8249-49BC-427F-ABEF-5AFE95519574}.ReleaseNET40|Any CPU.Build.0 = ReleaseNET40|Any CPU
		{C72B8249-49BC-427F-ABEF-5AFE95519574}.ReleaseNET45|Any CPU.ActiveCfg = ReleaseNET45|Any CPU
		{C72B8249-49BC-427F-ABEF-5AFE95519574}.ReleaseNET45|Any CPU.Build.0 = ReleaseNET45|Any CPU
		{BE706FCA-10FC-4CCD-8875-9DC82A0018D7}.Debug|Any CPU.ActiveCfg = DebugNET45|Any CPU
		{BE706FCA-10FC-4CCD-8875-9DC82A0018D7}.Debug|Any CPU.Build.0 = DebugNET45|Any CPU
		{BE706FCA-10FC-4CCD-8875-9DC82A0018D7}.DebugNET40|Any CPU.ActiveCfg = DebugNET40|Any CPU
		{BE706FCA-10FC-4CCD-8875-9DC82A0018D7}.DebugNET45|Any CPU.ActiveCfg = DebugNET45|Any CPU
		{BE706FCA-10FC-4CCD-8875-9DC82A0018D7}.DebugNET45|Any CPU.Build.0 = DebugNET45|Any CPU
		{BE706FCA-10FC-4CCD-8875-9DC82A0018D7}.Release|Any CPU.ActiveCfg = ReleaseNET45|Any CPU
		{BE706FCA-10FC-4CCD-8875-9DC82A0018D7}.Release|Any CPU.Build.0 = ReleaseNET45|Any CPU
		{BE706FCA-10FC-4CCD-8875-9DC82A0018D7}.ReleaseNET40|Any CPU.ActiveCfg = ReleaseNET40|Any CPU
		{BE706FCA-10FC-4CCD-8875-9DC82A0018D7}.ReleaseNET45|Any CPU.ActiveCfg = ReleaseNET45|Any CPU
		{BE706FCA-10FC-4CCD-8875-9DC82A0018D7}.ReleaseNET45|Any CPU.Build.0 = ReleaseNET45|Any CPU
		{EE15DE45-6A60-4301-9BBA-1FA05C9FE20F}.Debug|Any CPU.ActiveCfg = DebugNET40|Any CPU
		{EE15DE45-6A60-4301-9BBA-1FA05C9FE20F}.Debug|Any CPU.Build.0 = DebugNET40|Any CPU
		{EE15DE45-6A60-4301-9BBA-1FA05C9FE20F}.DebugNET40|Any CPU.ActiveCfg = DebugNET40|Any CPU
		{EE15DE45-6A60-4301-9BBA-1FA05C9FE20F}.DebugNET40|Any CPU.Build.0 = DebugNET40|Any CPU
		{EE15DE45-6A60-4301-9BBA-1FA05C9FE20F}.DebugNET45|Any CPU.ActiveCfg = DebugNET45|Any CPU
		{EE15DE45-6A60-4301-9BBA-1FA05C9FE20F}.DebugNET45|Any CPU.Build.0 = DebugNET45|Any CPU
		{EE15DE45-6A60-4301-9BBA-1FA05C9FE20F}.Release|Any CPU.ActiveCfg = ReleaseNET40|Any CPU
		{EE15DE45-6A60-4301-9BBA-1FA05C9FE20F}.Release|Any CPU.Build.0 = ReleaseNET40|Any CPU
		{EE15DE45-6A60-4301-9BBA-1FA05C9FE20F}.ReleaseNET40|Any CPU.ActiveCfg = ReleaseNET40|Any CPU
		{EE15DE45-6A60-4301-9BBA-1FA05C9FE20F}.ReleaseNET40|Any CPU.Build.0 = ReleaseNET40|Any CPU
		{EE15DE45-6A60-4301-9BBA-1FA05C9FE20F}.ReleaseNET45|Any CPU.ActiveCfg = ReleaseNET45|Any CPU
		{EE15DE45-6A60-4301-9BBA-1FA05C9FE20F}.ReleaseNET45|Any CPU.Build.0 = ReleaseNET45|Any CPU
		{E8D5DAA7-360C-4AE2-92F1-0A9090A47CE2}.Debug|Any CPU.ActiveCfg = Debug|Any CPU
		{E8D5DAA7-360C-4AE2-92F1-0A9090A47CE2}.Debug|Any CPU.Build.0 = Debug|Any CPU
		{E8D5DAA7-360C-4AE2-92F1-0A9090A47CE2}.DebugNET40|Any CPU.ActiveCfg = Debug|Any CPU
		{E8D5DAA7-360C-4AE2-92F1-0A9090A47CE2}.DebugNET40|Any CPU.Build.0 = Debug|Any CPU
		{E8D5DAA7-360C-4AE2-92F1-0A9090A47CE2}.DebugNET45|Any CPU.ActiveCfg = Debug|Any CPU
		{E8D5DAA7-360C-4AE2-92F1-0A9090A47CE2}.DebugNET45|Any CPU.Build.0 = Debug|Any CPU
		{E8D5DAA7-360C-4AE2-92F1-0A9090A47CE2}.Release|Any CPU.ActiveCfg = Release|Any CPU
		{E8D5DAA7-360C-4AE2-92F1-0A9090A47CE2}.Release|Any CPU.Build.0 = Release|Any CPU
		{E8D5DAA7-360C-4AE2-92F1-0A9090A47CE2}.ReleaseNET40|Any CPU.ActiveCfg = Release|Any CPU
		{E8D5DAA7-360C-4AE2-92F1-0A9090A47CE2}.ReleaseNET40|Any CPU.Build.0 = Release|Any CPU
		{E8D5DAA7-360C-4AE2-92F1-0A9090A47CE2}.ReleaseNET45|Any CPU.ActiveCfg = Release|Any CPU
		{E8D5DAA7-360C-4AE2-92F1-0A9090A47CE2}.ReleaseNET45|Any CPU.Build.0 = Release|Any CPU
		{A571FC59-F4CC-47DE-AF19-E3EC07ADA3C3}.Debug|Any CPU.ActiveCfg = DebugNET45|Any CPU
		{A571FC59-F4CC-47DE-AF19-E3EC07ADA3C3}.Debug|Any CPU.Build.0 = DebugNET45|Any CPU
		{A571FC59-F4CC-47DE-AF19-E3EC07ADA3C3}.DebugNET40|Any CPU.ActiveCfg = DebugNET40|Any CPU
		{A571FC59-F4CC-47DE-AF19-E3EC07ADA3C3}.DebugNET40|Any CPU.Build.0 = DebugNET40|Any CPU
		{A571FC59-F4CC-47DE-AF19-E3EC07ADA3C3}.DebugNET45|Any CPU.ActiveCfg = DebugNET45|Any CPU
		{A571FC59-F4CC-47DE-AF19-E3EC07ADA3C3}.DebugNET45|Any CPU.Build.0 = DebugNET45|Any CPU
		{A571FC59-F4CC-47DE-AF19-E3EC07ADA3C3}.Release|Any CPU.ActiveCfg = ReleaseNET45|Any CPU
		{A571FC59-F4CC-47DE-AF19-E3EC07ADA3C3}.Release|Any CPU.Build.0 = ReleaseNET45|Any CPU
		{A571FC59-F4CC-47DE-AF19-E3EC07ADA3C3}.ReleaseNET40|Any CPU.ActiveCfg = ReleaseNET40|Any CPU
		{A571FC59-F4CC-47DE-AF19-E3EC07ADA3C3}.ReleaseNET40|Any CPU.Build.0 = ReleaseNET40|Any CPU
		{A571FC59-F4CC-47DE-AF19-E3EC07ADA3C3}.ReleaseNET45|Any CPU.ActiveCfg = ReleaseNET45|Any CPU
		{A571FC59-F4CC-47DE-AF19-E3EC07ADA3C3}.ReleaseNET45|Any CPU.Build.0 = ReleaseNET45|Any CPU
		{6C47326A-3738-42FA-90AC-F1E0AA6B7BBC}.Debug|Any CPU.ActiveCfg = DebugNET45|Any CPU
		{6C47326A-3738-42FA-90AC-F1E0AA6B7BBC}.Debug|Any CPU.Build.0 = DebugNET45|Any CPU
		{6C47326A-3738-42FA-90AC-F1E0AA6B7BBC}.DebugNET40|Any CPU.ActiveCfg = DebugNET40|Any CPU
		{6C47326A-3738-42FA-90AC-F1E0AA6B7BBC}.DebugNET40|Any CPU.Build.0 = DebugNET40|Any CPU
		{6C47326A-3738-42FA-90AC-F1E0AA6B7BBC}.DebugNET45|Any CPU.ActiveCfg = DebugNET45|Any CPU
		{6C47326A-3738-42FA-90AC-F1E0AA6B7BBC}.DebugNET45|Any CPU.Build.0 = DebugNET45|Any CPU
		{6C47326A-3738-42FA-90AC-F1E0AA6B7BBC}.Release|Any CPU.ActiveCfg = ReleaseNET45|Any CPU
		{6C47326A-3738-42FA-90AC-F1E0AA6B7BBC}.Release|Any CPU.Build.0 = ReleaseNET45|Any CPU
		{6C47326A-3738-42FA-90AC-F1E0AA6B7BBC}.ReleaseNET40|Any CPU.ActiveCfg = ReleaseNET40|Any CPU
		{6C47326A-3738-42FA-90AC-F1E0AA6B7BBC}.ReleaseNET40|Any CPU.Build.0 = ReleaseNET40|Any CPU
		{6C47326A-3738-42FA-90AC-F1E0AA6B7BBC}.ReleaseNET45|Any CPU.ActiveCfg = ReleaseNET45|Any CPU
		{6C47326A-3738-42FA-90AC-F1E0AA6B7BBC}.ReleaseNET45|Any CPU.Build.0 = ReleaseNET45|Any CPU
	EndGlobalSection
	GlobalSection(SolutionProperties) = preSolution
		HideSolutionNode = FALSE
	EndGlobalSection
	GlobalSection(NestedProjects) = preSolution
		{EE15DE45-6A60-4301-9BBA-1FA05C9FE20F} = {9F5A358C-E1ED-420F-A426-630A0FCE42EC}
		{A571FC59-F4CC-47DE-AF19-E3EC07ADA3C3} = {9F5A358C-E1ED-420F-A426-630A0FCE42EC}
		{6C47326A-3738-42FA-90AC-F1E0AA6B7BBC} = {9F5A358C-E1ED-420F-A426-630A0FCE42EC}
	EndGlobalSection
	GlobalSection(ExtensibilityGlobals) = postSolution
		SolutionGuid = {93838487-DEB3-4707-B1F9-BC9AC35ECA69}
	EndGlobalSection
EndGlobal
